
Microsoft Visual Studio Solution File, Format Version 12.00
# Visual Studio Version 16
VisualStudioVersion = 16.0.29324.140
MinimumVisualStudioVersion = 10.0.40219.1
Project("{FAE04EC0-301F-11D3-BF4B-00C04F79EFBC}") = "ExamWpf", "ExamWpf\ExamWpf.csproj", "{E3E6C878-B307-43B9-A615-26D41A2CDDBF}"
EndProject
Project("{FAE04EC0-301F-11D3-BF4B-00C04F79EFBC}") = "Domain", "Domain\Domain.csproj", "{F38236B2-733B-4035-8FC2-0BE391DCCC48}"
EndProject
Global
	GlobalSection(SolutionConfigurationPlatforms) = preSolution
		Debug|Any CPU = Debug|Any CPU
		Release|Any CPU = Release|Any CPU
	EndGlobalSection
	GlobalSection(ProjectConfigurationPlatforms) = postSolution
		{E3E6C878-B307-43B9-A615-26D41A2CDDBF}.Debug|Any CPU.ActiveCfg = Debug|Any CPU
		{E3E6C878-B307-43B9-A615-26D41A2CDDBF}.Debug|Any CPU.Build.0 = Debug|Any CPU
		{E3E6C878-B307-43B9-A615-26D41A2CDDBF}.Release|Any CPU.ActiveCfg = Release|Any CPU
		{E3E6C878-B307-43B9-A615-26D41A2CDDBF}.Release|Any CPU.Build.0 = Release|Any CPU
		{F38236B2-733B-4035-8FC2-0BE391DCCC48}.Debug|Any CPU.ActiveCfg = Debug|Any CPU
		{F38236B2-733B-4035-8FC2-0BE391DCCC48}.Debug|Any CPU.Build.0 = Debug|Any CPU
		{F38236B2-733B-4035-8FC2-0BE391DCCC48}.Release|Any CPU.ActiveCfg = Release|Any CPU
		{F38236B2-733B-4035-8FC2-0BE391DCCC48}.Release|Any CPU.Build.0 = Release|Any CPU
	EndGlobalSection
	GlobalSection(SolutionProperties) = preSolution
		HideSolutionNode = FALSE
	EndGlobalSection
	GlobalSection(ExtensibilityGlobals) = postSolution
		SolutionGuid = {A36E7DC0-6ECF-4537-A912-273A0D5A538A}
	EndGlobalSection
EndGlobal
